
Microsoft Visual Studio Solution File, Format Version 12.00
# Visual Studio Version 17
VisualStudioVersion = 17.11.35312.102
MinimumVisualStudioVersion = 10.0.40219.1
Project("{8BC9CEB8-8B4A-11D0-8D11-00A0C91BC942}") = "Task01", "Task1\Task1.vcxproj", "{5E664D92-3D89-4BE2-BDF6-EC7F52315028}"
EndProject
Project("{8BC9CEB8-8B4A-11D0-8D11-00A0C91BC942}") = "Task02", "Task02\Task02.vcxproj", "{594164ED-7C17-4E5B-8258-2C9CD7B1FC93}"
EndProject
Project("{8BC9CEB8-8B4A-11D0-8D11-00A0C91BC942}") = "Task03", "Task03\Task03.vcxproj", "{C60F98FF-F464-441E-9422-0F53EBA37B9A}"
EndProject
Project("{8BC9CEB8-8B4A-11D0-8D11-00A0C91BC942}") = "Task04", "Task04\Task04.vcxproj", "{0482616F-1619-4F64-B22E-595512F948C7}"
EndProject
Project("{8BC9CEB8-8B4A-11D0-8D11-00A0C91BC942}") = "Task05", "Task05\Task05.vcxproj", "{1C7DB714-ADEC-409F-98B3-151D27A1111D}"
EndProject
Project("{8BC9CEB8-8B4A-11D0-8D11-00A0C91BC942}") = "Task06", "Task06\Task06.vcxproj", "{8F70F9FD-AB2F-4553-B9DF-972EF76B8F45}"
EndProject
Project("{8BC9CEB8-8B4A-11D0-8D11-00A0C91BC942}") = "Task07", "Task07\Task07.vcxproj", "{4E79C3B6-5D95-409E-8D66-6C34D7CEFF26}"
EndProject
Project("{8BC9CEB8-8B4A-11D0-8D11-00A0C91BC942}") = "Task08", "Task08\Task08.vcxproj", "{0D5AD317-7D22-4E71-8733-CD0D359FEDBA}"
EndProject
Project("{8BC9CEB8-8B4A-11D0-8D11-00A0C91BC942}") = "Task09", "Task09\Task09.vcxproj", "{31344953-E90D-421C-B546-80EDF00A78EA}"
EndProject
Project("{8BC9CEB8-8B4A-11D0-8D11-00A0C91BC942}") = "Task10", "Task10\Task10.vcxproj", "{A548CEFB-8F0D-4781-9475-70EBEC19879A}"
EndProject
Global
	GlobalSection(SolutionConfigurationPlatforms) = preSolution
		Debug|x64 = Debug|x64
		Debug|x86 = Debug|x86
		Release|x64 = Release|x64
		Release|x86 = Release|x86
	EndGlobalSection
	GlobalSection(ProjectConfigurationPlatforms) = postSolution
		{5E664D92-3D89-4BE2-BDF6-EC7F52315028}.Debug|x64.ActiveCfg = Debug|x64
		{5E664D92-3D89-4BE2-BDF6-EC7F52315028}.Debug|x64.Build.0 = Debug|x64
		{5E664D92-3D89-4BE2-BDF6-EC7F52315028}.Debug|x86.ActiveCfg = Debug|Win32
		{5E664D92-3D89-4BE2-BDF6-EC7F52315028}.Debug|x86.Build.0 = Debug|Win32
		{5E664D92-3D89-4BE2-BDF6-EC7F52315028}.Release|x64.ActiveCfg = Release|x64
		{5E664D92-3D89-4BE2-BDF6-EC7F52315028}.Release|x64.Build.0 = Release|x64
		{5E664D92-3D89-4BE2-BDF6-EC7F52315028}.Release|x86.ActiveCfg = Release|Win32
		{5E664D92-3D89-4BE2-BDF6-EC7F52315028}.Release|x86.Build.0 = Release|Win32
		{594164ED-7C17-4E5B-8258-2C9CD7B1FC93}.Debug|x64.ActiveCfg = Debug|x64
		{594164ED-7C17-4E5B-8258-2C9CD7B1FC93}.Debug|x64.Build.0 = Debug|x64
		{594164ED-7C17-4E5B-8258-2C9CD7B1FC93}.Debug|x86.ActiveCfg = Debug|Win32
		{594164ED-7C17-4E5B-8258-2C9CD7B1FC93}.Debug|x86.Build.0 = Debug|Win32
		{594164ED-7C17-4E5B-8258-2C9CD7B1FC93}.Release|x64.ActiveCfg = Release|x64
		{594164ED-7C17-4E5B-8258-2C9CD7B1FC93}.Release|x64.Build.0 = Release|x64
		{594164ED-7C17-4E5B-8258-2C9CD7B1FC93}.Release|x86.ActiveCfg = Release|Win32
		{594164ED-7C17-4E5B-8258-2C9CD7B1FC93}.Release|x86.Build.0 = Release|Win32
		{C60F98FF-F464-441E-9422-0F53EBA37B9A}.Debug|x64.ActiveCfg = Debug|x64
		{C60F98FF-F464-441E-9422-0F53EBA37B9A}.Debug|x64.Build.0 = Debug|x64
		{C60F98FF-F464-441E-9422-0F53EBA37B9A}.Debug|x86.ActiveCfg = Debug|Win32
		{C60F98FF-F464-441E-9422-0F53EBA37B9A}.Debug|x86.Build.0 = Debug|Win32
		{C60F98FF-F464-441E-9422-0F53EBA37B9A}.Release|x64.ActiveCfg = Release|x64
		{C60F98FF-F464-441E-9422-0F53EBA37B9A}.Release|x64.Build.0 = Release|x64
		{C60F98FF-F464-441E-9422-0F53EBA37B9A}.Release|x86.ActiveCfg = Release|Win32
		{C60F98FF-F464-441E-9422-0F53EBA37B9A}.Release|x86.Build.0 = Release|Win32
		{0482616F-1619-4F64-B22E-595512F948C7}.Debug|x64.ActiveCfg = Debug|x64
		{0482616F-1619-4F64-B22E-595512F948C7}.Debug|x64.Build.0 = Debug|x64
		{0482616F-1619-4F64-B22E-595512F948C7}.Debug|x86.ActiveCfg = Debug|Win32
		{0482616F-1619-4F64-B22E-595512F948C7}.Debug|x86.Build.0 = Debug|Win32
		{0482616F-1619-4F64-B22E-595512F948C7}.Release|x64.ActiveCfg = Release|x64
		{0482616F-1619-4F64-B22E-595512F948C7}.Release|x64.Build.0 = Release|x64
		{0482616F-1619-4F64-B22E-595512F948C7}.Release|x86.ActiveCfg = Release|Win32
		{0482616F-1619-4F64-B22E-595512F948C7}.Release|x86.Build.0 = Release|Win32
		{1C7DB714-ADEC-409F-98B3-151D27A1111D}.Debug|x64.ActiveCfg = Debug|x64
		{1C7DB714-ADEC-409F-98B3-151D27A1111D}.Debug|x64.Build.0 = Debug|x64
		{1C7DB714-ADEC-409F-98B3-151D27A1111D}.Debug|x86.ActiveCfg = Debug|Win32
		{1C7DB714-ADEC-409F-98B3-151D27A1111D}.Debug|x86.Build.0 = Debug|Win32
		{1C7DB714-ADEC-409F-98B3-151D27A1111D}.Release|x64.ActiveCfg = Release|x64
		{1C7DB714-ADEC-409F-98B3-151D27A1111D}.Release|x64.Build.0 = Release|x64
		{1C7DB714-ADEC-409F-98B3-151D27A1111D}.Release|x86.ActiveCfg = Release|Win32
		{1C7DB714-ADEC-409F-98B3-151D27A1111D}.Release|x86.Build.0 = Release|Win32
		{8F70F9FD-AB2F-4553-B9DF-972EF76B8F45}.Debug|x64.ActiveCfg = Debug|x64
		{8F70F9FD-AB2F-4553-B9DF-972EF76B8F45}.Debug|x64.Build.0 = Debug|x64
		{8F70F9FD-AB2F-4553-B9DF-972EF76B8F45}.Debug|x86.ActiveCfg = Debug|Win32
		{8F70F9FD-AB2F-4553-B9DF-972EF76B8F45}.Debug|x86.Build.0 = Debug|Win32
		{8F70F9FD-AB2F-4553-B9DF-972EF76B8F45}.Release|x64.ActiveCfg = Release|x64
		{8F70F9FD-AB2F-4553-B9DF-972EF76B8F45}.Release|x64.Build.0 = Release|x64
		{8F70F9FD-AB2F-4553-B9DF-972EF76B8F45}.Release|x86.ActiveCfg = Release|Win32
		{8F70F9FD-AB2F-4553-B9DF-972EF76B8F45}.Release|x86.Build.0 = Release|Win32
		{4E79C3B6-5D95-409E-8D66-6C34D7CEFF26}.Debug|x64.ActiveCfg = Debug|x64
		{4E79C3B6-5D95-409E-8D66-6C34D7CEFF26}.Debug|x64.Build.0 = Debug|x64
		{4E79C3B6-5D95-409E-8D66-6C34D7CEFF26}.Debug|x86.ActiveCfg = Debug|Win32
		{4E79C3B6-5D95-409E-8D66-6C34D7CEFF26}.Debug|x86.Build.0 = Debug|Win32
		{4E79C3B6-5D95-409E-8D66-6C34D7CEFF26}.Release|x64.ActiveCfg = Release|x64
		{4E79C3B6-5D95-409E-8D66-6C34D7CEFF26}.Release|x64.Build.0 = Release|x64
		{4E79C3B6-5D95-409E-8D66-6C34D7CEFF26}.Release|x86.ActiveCfg = Release|Win32
		{4E79C3B6-5D95-409E-8D66-6C34D7CEFF26}.Release|x86.Build.0 = Release|Win32
		{0D5AD317-7D22-4E71-8733-CD0D359FEDBA}.Debug|x64.ActiveCfg = Debug|x64
		{0D5AD317-7D22-4E71-8733-CD0D359FEDBA}.Debug|x64.Build.0 = Debug|x64
		{0D5AD317-7D22-4E71-8733-CD0D359FEDBA}.Debug|x86.ActiveCfg = Debug|Win32
		{0D5AD317-7D22-4E71-8733-CD0D359FEDBA}.Debug|x86.Build.0 = Debug|Win32
		{0D5AD317-7D22-4E71-8733-CD0D359FEDBA}.Release|x64.ActiveCfg = Release|x64
		{0D5AD317-7D22-4E71-8733-CD0D359FEDBA}.Release|x64.Build.0 = Release|x64
		{0D5AD317-7D22-4E71-8733-CD0D359FEDBA}.Release|x86.ActiveCfg = Release|Win32
		{0D5AD317-7D22-4E71-8733-CD0D359FEDBA}.Release|x86.Build.0 = Release|Win32
		{31344953-E90D-421C-B546-80EDF00A78EA}.Debug|x64.ActiveCfg = Debug|x64
		{31344953-E90D-421C-B546-80EDF00A78EA}.Debug|x64.Build.0 = Debug|x64
		{31344953-E90D-421C-B546-80EDF00A78EA}.Debug|x86.ActiveCfg = Debug|Win32
		{31344953-E90D-421C-B546-80EDF00A78EA}.Debug|x86.Build.0 = Debug|Win32
		{31344953-E90D-421C-B546-80EDF00A78EA}.Release|x64.ActiveCfg = Release|x64
		{31344953-E90D-421C-B546-80EDF00A78EA}.Release|x64.Build.0 = Release|x64
		{31344953-E90D-421C-B546-80EDF00A78EA}.Release|x86.ActiveCfg = Release|Win32
		{31344953-E90D-421C-B546-80EDF00A78EA}.Release|x86.Build.0 = Release|Win32
		{A548CEFB-8F0D-4781-9475-70EBEC19879A}.Debug|x64.ActiveCfg = Debug|x64
		{A548CEFB-8F0D-4781-9475-70EBEC19879A}.Debug|x64.Build.0 = Debug|x64
		{A548CEFB-8F0D-4781-9475-70EBEC19879A}.Debug|x86.ActiveCfg = Debug|Win32
		{A548CEFB-8F0D-4781-9475-70EBEC19879A}.Debug|x86.Build.0 = Debug|Win32
		{A548CEFB-8F0D-4781-9475-70EBEC19879A}.Release|x64.ActiveCfg = Release|x64
		{A548CEFB-8F0D-4781-9475-70EBEC19879A}.Release|x64.Build.0 = Release|x64
		{A548CEFB-8F0D-4781-9475-70EBEC19879A}.Release|x86.ActiveCfg = Release|Win32
		{A548CEFB-8F0D-4781-9475-70EBEC19879A}.Release|x86.Build.0 = Release|Win32
	EndGlobalSection
	GlobalSection(SolutionProperties) = preSolution
		HideSolutionNode = FALSE
	EndGlobalSection
	GlobalSection(ExtensibilityGlobals) = postSolution
		SolutionGuid = {04F04998-B237-48FF-86A4-90313B6EE324}
	EndGlobalSection
EndGlobal
