
Microsoft Visual Studio Solution File, Format Version 12.00
# Visual Studio Version 17
VisualStudioVersion = 17.11.35312.102
MinimumVisualStudioVersion = 10.0.40219.1
Project("{8BC9CEB8-8B4A-11D0-8D11-00A0C91BC942}") = "Task01", "Project1\Project1.vcxproj", "{59E01F24-8FF5-49DB-91B3-7D94618249DC}"
EndProject
Project("{8BC9CEB8-8B4A-11D0-8D11-00A0C91BC942}") = "Task02", "Task02\Task02.vcxproj", "{1CDF1A73-57B3-4B71-9140-295DC0073E0F}"
EndProject
Project("{8BC9CEB8-8B4A-11D0-8D11-00A0C91BC942}") = "Task03", "Task03\Task03.vcxproj", "{7AE82404-4564-4A28-B082-CD5F9E53F2F4}"
EndProject
Project("{8BC9CEB8-8B4A-11D0-8D11-00A0C91BC942}") = "Task04", "Task04\Task04.vcxproj", "{95586E29-0DB7-4DFD-8221-533CE8F83927}"
EndProject
Project("{8BC9CEB8-8B4A-11D0-8D11-00A0C91BC942}") = "Task05", "Task05\Task05.vcxproj", "{572673ED-6C90-465D-AAFF-E37C3277B910}"
EndProject
Project("{8BC9CEB8-8B4A-11D0-8D11-00A0C91BC942}") = "Task06", "Task06\Task06.vcxproj", "{58C477A6-15C1-4B5E-9024-5B54AB8A5793}"
EndProject
Project("{8BC9CEB8-8B4A-11D0-8D11-00A0C91BC942}") = "Task07", "Task07\Task07.vcxproj", "{8BFF65AE-327E-4A0D-A1D7-A2D78D4AF2E5}"
EndProject
Project("{8BC9CEB8-8B4A-11D0-8D11-00A0C91BC942}") = "Task08", "Task08\Task08.vcxproj", "{F0A48D9C-AA19-4A25-86EE-EB1094F0D9C4}"
EndProject
Project("{8BC9CEB8-8B4A-11D0-8D11-00A0C91BC942}") = "Task09", "Task09\Task09.vcxproj", "{DD9BEE01-121A-4428-9ED2-10EE3525C84D}"
EndProject
Project("{8BC9CEB8-8B4A-11D0-8D11-00A0C91BC942}") = "Task10", "Task10\Task10.vcxproj", "{8FB6587B-099A-422F-9497-74098347D661}"
EndProject
Global
	GlobalSection(SolutionConfigurationPlatforms) = preSolution
		Debug|x64 = Debug|x64
		Debug|x86 = Debug|x86
		Release|x64 = Release|x64
		Release|x86 = Release|x86
	EndGlobalSection
	GlobalSection(ProjectConfigurationPlatforms) = postSolution
		{59E01F24-8FF5-49DB-91B3-7D94618249DC}.Debug|x64.ActiveCfg = Debug|x64
		{59E01F24-8FF5-49DB-91B3-7D94618249DC}.Debug|x64.Build.0 = Debug|x64
		{59E01F24-8FF5-49DB-91B3-7D94618249DC}.Debug|x86.ActiveCfg = Debug|Win32
		{59E01F24-8FF5-49DB-91B3-7D94618249DC}.Debug|x86.Build.0 = Debug|Win32
		{59E01F24-8FF5-49DB-91B3-7D94618249DC}.Release|x64.ActiveCfg = Release|x64
		{59E01F24-8FF5-49DB-91B3-7D94618249DC}.Release|x64.Build.0 = Release|x64
		{59E01F24-8FF5-49DB-91B3-7D94618249DC}.Release|x86.ActiveCfg = Release|Win32
		{59E01F24-8FF5-49DB-91B3-7D94618249DC}.Release|x86.Build.0 = Release|Win32
		{1CDF1A73-57B3-4B71-9140-295DC0073E0F}.Debug|x64.ActiveCfg = Debug|x64
		{1CDF1A73-57B3-4B71-9140-295DC0073E0F}.Debug|x64.Build.0 = Debug|x64
		{1CDF1A73-57B3-4B71-9140-295DC0073E0F}.Debug|x86.ActiveCfg = Debug|Win32
		{1CDF1A73-57B3-4B71-9140-295DC0073E0F}.Debug|x86.Build.0 = Debug|Win32
		{1CDF1A73-57B3-4B71-9140-295DC0073E0F}.Release|x64.ActiveCfg = Release|x64
		{1CDF1A73-57B3-4B71-9140-295DC0073E0F}.Release|x64.Build.0 = Release|x64
		{1CDF1A73-57B3-4B71-9140-295DC0073E0F}.Release|x86.ActiveCfg = Release|Win32
		{1CDF1A73-57B3-4B71-9140-295DC0073E0F}.Release|x86.Build.0 = Release|Win32
		{7AE82404-4564-4A28-B082-CD5F9E53F2F4}.Debug|x64.ActiveCfg = Debug|x64
		{7AE82404-4564-4A28-B082-CD5F9E53F2F4}.Debug|x64.Build.0 = Debug|x64
		{7AE82404-4564-4A28-B082-CD5F9E53F2F4}.Debug|x86.ActiveCfg = Debug|Win32
		{7AE82404-4564-4A28-B082-CD5F9E53F2F4}.Debug|x86.Build.0 = Debug|Win32
		{7AE82404-4564-4A28-B082-CD5F9E53F2F4}.Release|x64.ActiveCfg = Release|x64
		{7AE82404-4564-4A28-B082-CD5F9E53F2F4}.Release|x64.Build.0 = Release|x64
		{7AE82404-4564-4A28-B082-CD5F9E53F2F4}.Release|x86.ActiveCfg = Release|Win32
		{7AE82404-4564-4A28-B082-CD5F9E53F2F4}.Release|x86.Build.0 = Release|Win32
		{95586E29-0DB7-4DFD-8221-533CE8F83927}.Debug|x64.ActiveCfg = Debug|x64
		{95586E29-0DB7-4DFD-8221-533CE8F83927}.Debug|x64.Build.0 = Debug|x64
		{95586E29-0DB7-4DFD-8221-533CE8F83927}.Debug|x86.ActiveCfg = Debug|Win32
		{95586E29-0DB7-4DFD-8221-533CE8F83927}.Debug|x86.Build.0 = Debug|Win32
		{95586E29-0DB7-4DFD-8221-533CE8F83927}.Release|x64.ActiveCfg = Release|x64
		{95586E29-0DB7-4DFD-8221-533CE8F83927}.Release|x64.Build.0 = Release|x64
		{95586E29-0DB7-4DFD-8221-533CE8F83927}.Release|x86.ActiveCfg = Release|Win32
		{95586E29-0DB7-4DFD-8221-533CE8F83927}.Release|x86.Build.0 = Release|Win32
		{572673ED-6C90-465D-AAFF-E37C3277B910}.Debug|x64.ActiveCfg = Debug|x64
		{572673ED-6C90-465D-AAFF-E37C3277B910}.Debug|x64.Build.0 = Debug|x64
		{572673ED-6C90-465D-AAFF-E37C3277B910}.Debug|x86.ActiveCfg = Debug|Win32
		{572673ED-6C90-465D-AAFF-E37C3277B910}.Debug|x86.Build.0 = Debug|Win32
		{572673ED-6C90-465D-AAFF-E37C3277B910}.Release|x64.ActiveCfg = Release|x64
		{572673ED-6C90-465D-AAFF-E37C3277B910}.Release|x64.Build.0 = Release|x64
		{572673ED-6C90-465D-AAFF-E37C3277B910}.Release|x86.ActiveCfg = Release|Win32
		{572673ED-6C90-465D-AAFF-E37C3277B910}.Release|x86.Build.0 = Release|Win32
		{58C477A6-15C1-4B5E-9024-5B54AB8A5793}.Debug|x64.ActiveCfg = Debug|x64
		{58C477A6-15C1-4B5E-9024-5B54AB8A5793}.Debug|x64.Build.0 = Debug|x64
		{58C477A6-15C1-4B5E-9024-5B54AB8A5793}.Debug|x86.ActiveCfg = Debug|Win32
		{58C477A6-15C1-4B5E-9024-5B54AB8A5793}.Debug|x86.Build.0 = Debug|Win32
		{58C477A6-15C1-4B5E-9024-5B54AB8A5793}.Release|x64.ActiveCfg = Release|x64
		{58C477A6-15C1-4B5E-9024-5B54AB8A5793}.Release|x64.Build.0 = Release|x64
		{58C477A6-15C1-4B5E-9024-5B54AB8A5793}.Release|x86.ActiveCfg = Release|Win32
		{58C477A6-15C1-4B5E-9024-5B54AB8A5793}.Release|x86.Build.0 = Release|Win32
		{8BFF65AE-327E-4A0D-A1D7-A2D78D4AF2E5}.Debug|x64.ActiveCfg = Debug|x64
		{8BFF65AE-327E-4A0D-A1D7-A2D78D4AF2E5}.Debug|x64.Build.0 = Debug|x64
		{8BFF65AE-327E-4A0D-A1D7-A2D78D4AF2E5}.Debug|x86.ActiveCfg = Debug|Win32
		{8BFF65AE-327E-4A0D-A1D7-A2D78D4AF2E5}.Debug|x86.Build.0 = Debug|Win32
		{8BFF65AE-327E-4A0D-A1D7-A2D78D4AF2E5}.Release|x64.ActiveCfg = Release|x64
		{8BFF65AE-327E-4A0D-A1D7-A2D78D4AF2E5}.Release|x64.Build.0 = Release|x64
		{8BFF65AE-327E-4A0D-A1D7-A2D78D4AF2E5}.Release|x86.ActiveCfg = Release|Win32
		{8BFF65AE-327E-4A0D-A1D7-A2D78D4AF2E5}.Release|x86.Build.0 = Release|Win32
		{F0A48D9C-AA19-4A25-86EE-EB1094F0D9C4}.Debug|x64.ActiveCfg = Debug|x64
		{F0A48D9C-AA19-4A25-86EE-EB1094F0D9C4}.Debug|x64.Build.0 = Debug|x64
		{F0A48D9C-AA19-4A25-86EE-EB1094F0D9C4}.Debug|x86.ActiveCfg = Debug|Win32
		{F0A48D9C-AA19-4A25-86EE-EB1094F0D9C4}.Debug|x86.Build.0 = Debug|Win32
		{F0A48D9C-AA19-4A25-86EE-EB1094F0D9C4}.Release|x64.ActiveCfg = Release|x64
		{F0A48D9C-AA19-4A25-86EE-EB1094F0D9C4}.Release|x64.Build.0 = Release|x64
		{F0A48D9C-AA19-4A25-86EE-EB1094F0D9C4}.Release|x86.ActiveCfg = Release|Win32
		{F0A48D9C-AA19-4A25-86EE-EB1094F0D9C4}.Release|x86.Build.0 = Release|Win32
		{DD9BEE01-121A-4428-9ED2-10EE3525C84D}.Debug|x64.ActiveCfg = Debug|x64
		{DD9BEE01-121A-4428-9ED2-10EE3525C84D}.Debug|x64.Build.0 = Debug|x64
		{DD9BEE01-121A-4428-9ED2-10EE3525C84D}.Debug|x86.ActiveCfg = Debug|Win32
		{DD9BEE01-121A-4428-9ED2-10EE3525C84D}.Debug|x86.Build.0 = Debug|Win32
		{DD9BEE01-121A-4428-9ED2-10EE3525C84D}.Release|x64.ActiveCfg = Release|x64
		{DD9BEE01-121A-4428-9ED2-10EE3525C84D}.Release|x64.Build.0 = Release|x64
		{DD9BEE01-121A-4428-9ED2-10EE3525C84D}.Release|x86.ActiveCfg = Release|Win32
		{DD9BEE01-121A-4428-9ED2-10EE3525C84D}.Release|x86.Build.0 = Release|Win32
		{8FB6587B-099A-422F-9497-74098347D661}.Debug|x64.ActiveCfg = Debug|x64
		{8FB6587B-099A-422F-9497-74098347D661}.Debug|x64.Build.0 = Debug|x64
		{8FB6587B-099A-422F-9497-74098347D661}.Debug|x86.ActiveCfg = Debug|Win32
		{8FB6587B-099A-422F-9497-74098347D661}.Debug|x86.Build.0 = Debug|Win32
		{8FB6587B-099A-422F-9497-74098347D661}.Release|x64.ActiveCfg = Release|x64
		{8FB6587B-099A-422F-9497-74098347D661}.Release|x64.Build.0 = Release|x64
		{8FB6587B-099A-422F-9497-74098347D661}.Release|x86.ActiveCfg = Release|Win32
		{8FB6587B-099A-422F-9497-74098347D661}.Release|x86.Build.0 = Release|Win32
	EndGlobalSection
	GlobalSection(SolutionProperties) = preSolution
		HideSolutionNode = FALSE
	EndGlobalSection
	GlobalSection(ExtensibilityGlobals) = postSolution
		SolutionGuid = {C853E465-68D3-45A0-8301-B8722108B05F}
	EndGlobalSection
EndGlobal
